Microsoft Visual Studio Solution File, Format Version 11.00
# Visual Studio 2008

Project("{E5BD3CB1-8F17-C360-8BC0-A375C1D860EC}") = "analogueClock", "Assembly-CSharp.csproj", "{B079452E-6575-7913-4C9B-E9BC73CDF583}"
EndProject
Global
	GlobalSection(SolutionConfigurationPlatforms) = preSolution
		Debug|Any CPU = Debug|Any CPU
		Release|Any CPU = Release|Any CPU
	EndGlobalSection
	GlobalSection(ProjectConfigurationPlatforms) = postSolution
		{B079452E-6575-7913-4C9B-E9BC73CDF583}.Debug|Any CPU.ActiveCfg = Debug|Any CPU
		{B079452E-6575-7913-4C9B-E9BC73CDF583}.Debug|Any CPU.Build.0 = Debug|Any CPU
		{B079452E-6575-7913-4C9B-E9BC73CDF583}.Release|Any CPU.ActiveCfg = Release|Any CPU
		{B079452E-6575-7913-4C9B-E9BC73CDF583}.Release|Any CPU.Build.0 = Release|Any CPU
	EndGlobalSection
	GlobalSection(SolutionProperties) = preSolution
		HideSolutionNode = FALSE
	EndGlobalSection
	GlobalSection(MonoDevelopProperties) = preSolution
		StartupItem = Assembly-CSharp.csproj
	EndGlobalSection
EndGlobal
